
Microsoft Visual Studio Solution File, Format Version 12.00
# Visual Studio Version 16
VisualStudioVersion = 16.0.29521.150
MinimumVisualStudioVersion = 10.0.40219.1
Project("{9A19103F-16F7-4668-BE54-9A1E7A4F7556}") = "Brandless.ObjectSerializer", "Brandless.ObjectSerializer\Brandless.ObjectSerializer.csproj", "{10C98130-D347-4839-ACCE-2089DBF89E65}"
EndProject
Project("{9A19103F-16F7-4668-BE54-9A1E7A4F7556}") = "Brandless.ObjectSerializer.Tests", "Brandless.ObjectSerializer.Tests\Brandless.ObjectSerializer.Tests.csproj", "{83B32955-79D4-4242-9C09-C3B49AD4E951}"
EndProject
Project("{9A19103F-16F7-4668-BE54-9A1E7A4F7556}") = "Brandless.ObjectSerializer.ConsoleApp", "Brandless.ObjectSerializer.ConsoleApp\Brandless.ObjectSerializer.ConsoleApp.csproj", "{D6812230-AFC8-40F3-8756-9183C3095ED8}"
EndProject
Global
	GlobalSection(SolutionConfigurationPlatforms) = preSolution
		Debug|Any CPU = Debug|Any CPU
		Release|Any CPU = Release|Any CPU
	EndGlobalSection
	GlobalSection(ProjectConfigurationPlatforms) = postSolution
		{10C98130-D347-4839-ACCE-2089DBF89E65}.Debug|Any CPU.ActiveCfg = Debug|Any CPU
		{10C98130-D347-4839-ACCE-2089DBF89E65}.Debug|Any CPU.Build.0 = Debug|Any CPU
		{10C98130-D347-4839-ACCE-2089DBF89E65}.Release|Any CPU.ActiveCfg = Release|Any CPU
		{10C98130-D347-4839-ACCE-2089DBF89E65}.Release|Any CPU.Build.0 = Release|Any CPU
		{83B32955-79D4-4242-9C09-C3B49AD4E951}.Debug|Any CPU.ActiveCfg = Debug|Any CPU
		{83B32955-79D4-4242-9C09-C3B49AD4E951}.Debug|Any CPU.Build.0 = Debug|Any CPU
		{83B32955-79D4-4242-9C09-C3B49AD4E951}.Release|Any CPU.ActiveCfg = Release|Any CPU
		{83B32955-79D4-4242-9C09-C3B49AD4E951}.Release|Any CPU.Build.0 = Release|Any CPU
		{D6812230-AFC8-40F3-8756-9183C3095ED8}.Debug|Any CPU.ActiveCfg = Debug|Any CPU
		{D6812230-AFC8-40F3-8756-9183C3095ED8}.Debug|Any CPU.Build.0 = Debug|Any CPU
		{D6812230-AFC8-40F3-8756-9183C3095ED8}.Release|Any CPU.ActiveCfg = Release|Any CPU
		{D6812230-AFC8-40F3-8756-9183C3095ED8}.Release|Any CPU.Build.0 = Release|Any CPU
	EndGlobalSection
	GlobalSection(SolutionProperties) = preSolution
		HideSolutionNode = FALSE
	EndGlobalSection
	GlobalSection(ExtensibilityGlobals) = postSolution
		SolutionGuid = {42A57C3F-AE8C-472A-A12D-F3110937DD6E}
	EndGlobalSection
EndGlobal
